lockfileVersion: '6.1'

settings:
  autoInstallPeers: true
  excludeLinksFromLockfile: false

devDependencies:
  '@tsconfig/recommended':
    specifier: ^1.0.2
    version: 1.0.2
  '@types/react':
    specifier: ^18.2.8
    version: 18.2.8
  prettier:
    specifier: ^2.8.8
    version: 2.8.8
  react:
    specifier: ^18.2.0
    version: 18.2.0
  rollup:
    specifier: ^3.23.1
    version: 3.23.1
  rollup-plugin-ts:
    specifier: ^3.2.0
    version: 3.2.0(rollup@3.23.1)(typescript@5.1.3)
  typescript:
    specifier: ^5.1.3
    version: 5.1.3

packages:

  /@jridgewell/sourcemap-codec@1.4.15:
    resolution: {integrity: sha512-eF2rxCRulEKXHTRiDrDy6erMYWqNw4LPdQ8UQA4huuxaQsVeRPFl2oM8oDGxMFhJUWZf9McpLtJasDDZb/Bpeg==}
    dev: true

  /@mdn/browser-compat-data@5.2.61:
    resolution: {integrity: sha512-jzPrheqEtrnUWWNUS8SFVbQAnoO6rOXetkjiJyzP92UM+BNcyExLD0Qikv9z6TU9D6A9rbXkh3pSmZ5G88d6ew==}
    dev: true

  /@rollup/pluginutils@5.0.2(rollup@3.23.1):
    resolution: {integrity: sha512-pTd9rIsP92h+B6wWwFbW8RkZv4hiR/xKsqre4SIuAOaOEQRxi0lqLke9k2/7WegC85GgUs9pjmOjCUi3In4vwA==}
    engines: {node: '>=14.0.0'}
    peerDependencies:
      rollup: ^1.20.0||^2.0.0||^3.0.0
    peerDependenciesMeta:
      rollup:
        optional: true
    dependencies:
      '@types/estree': 1.0.1
      estree-walker: 2.0.2
      picomatch: 2.3.1
      rollup: 3.23.1
    dev: true

  /@tsconfig/recommended@1.0.2:
    resolution: {integrity: sha512-dbHBtbWBOjq0/otpopAE02NT2Cm05Qe2JsEKeCf/wjSYbI2hz8nCqnpnOJWHATgjDz4fd3dchs3Wy1gQGjfN6w==}
    dev: true

  /@types/estree@1.0.1:
    resolution: {integrity: sha512-LG4opVs2ANWZ1TJoKc937iMmNstM/d0ae1vNbnBvBhqCSezgVUOzcLCqbI5elV8Vy6WKwKjaqR+zO9VKirBBCA==}
    dev: true

  /@types/node@17.0.45:
    resolution: {integrity: sha512-w+tIMs3rq2afQdsPJlODhoUEKzFP1ayaoyl1CcnwtIlsVe7K7bA1NGm4s3PraqTLlXnbIN84zuBlxBWo1u9BLw==}
    dev: true

  /@types/object-path@0.11.1:
    resolution: {integrity: sha512-219LSCO9HPcoXcRTC6DbCs0FRhZgBnEMzf16RRqkT40WbkKx3mOeQuz3e2XqbfhOz/AHfbru0kzB1n1RCAsIIg==}
    dev: true

  /@types/prop-types@15.7.5:
    resolution: {integrity: sha512-JCB8C6SnDoQf0cNycqd/35A7MjcnK+ZTqE7judS6o7utxUCg6imJg3QK2qzHKszlTjcj2cn+NwMB2i96ubpj7w==}
    dev: true

  /@types/react@18.2.8:
    resolution: {integrity: sha512-lTyWUNrd8ntVkqycEEplasWy2OxNlShj3zqS0LuB1ENUGis5HodmhM7DtCoUGbxj3VW/WsGA0DUhpG6XrM7gPA==}
    dependencies:
      '@types/prop-types': 15.7.5
      '@types/scheduler': 0.16.3
      csstype: 3.1.2
    dev: true

  /@types/scheduler@0.16.3:
    resolution: {integrity: sha512-5cJ8CB4yAx7BH1oMvdU0Jh9lrEXyPkar6F9G/ERswkCuvP4KQZfZkSjcMbAICCpQTN4OuZn8tz0HiKv9TGZgrQ==}
    dev: true

  /@types/semver@7.5.0:
    resolution: {integrity: sha512-G8hZ6XJiHnuhQKR7ZmysCeJWE08o8T0AXtk5darsCaTVsYZhhgUrq53jizaR2FvsoeCwJhlmwTjkXBY5Pn/ZHw==}
    dev: true

  /@types/ua-parser-js@0.7.36:
    resolution: {integrity: sha512-N1rW+njavs70y2cApeIw1vLMYXRwfBy+7trgavGuuTfOd7j1Yh7QTRc/yqsPl6ncokt72ZXuxEU0PiCp9bSwNQ==}
    dev: true

  /@wessberg/stringutil@1.0.19:
    resolution: {integrity: sha512-9AZHVXWlpN8Cn9k5BC/O0Dzb9E9xfEMXzYrNunwvkUTvuK7xgQPVRZpLo+jWCOZ5r8oBa8NIrHuPEu1hzbb6bg==}
    engines: {node: '>=8.0.0'}
    dev: true

  /ansi-colors@4.1.3:
    resolution: {integrity: sha512-/6w/C21Pm1A7aZitlI5Ni/2J6FFQN8i1Cvz3kHABAAbw93v/NlvKdVOqz7CCWz/3iv/JplRSEEZ83XION15ovw==}
    engines: {node: '>=6'}
    dev: true

  /browserslist-generator@2.0.3:
    resolution: {integrity: sha512-3j8ogwvlBpOEDR3f5n1H2n5BWXqHPWi/Xm8EC1DPJy5BWl4WkSFisatBygH/L9AEmg0MtOfcR1QnMuM9XL28jA==}
    engines: {node: '>=16.15.1', npm: '>=7.0.0', pnpm: '>=3.2.0', yarn: '>=1.13'}
    dependencies:
      '@mdn/browser-compat-data': 5.2.61
      '@types/object-path': 0.11.1
      '@types/semver': 7.5.0
      '@types/ua-parser-js': 0.7.36
      browserslist: 4.21.7
      caniuse-lite: 1.0.30001494
      isbot: 3.6.10
      object-path: 0.11.8
      semver: 7.5.1
      ua-parser-js: 1.0.35
    dev: true

  /browserslist@4.21.7:
    resolution: {integrity: sha512-BauCXrQ7I2ftSqd2mvKHGo85XR0u7Ru3C/Hxsy/0TkfCtjrmAbPdzLGasmoiBxplpDXlPvdjX9u7srIMfgasNA==}
    engines: {node: ^6 || ^7 || ^8 || ^9 || ^10 || ^11 || ^12 || >=13.7}
    hasBin: true
    dependencies:
      caniuse-lite: 1.0.30001494
      electron-to-chromium: 1.4.419
      node-releases: 2.0.12
      update-browserslist-db: 1.0.11(browserslist@4.21.7)
    dev: true

  /caniuse-lite@1.0.30001494:
    resolution: {integrity: sha512-sY2B5Qyl46ZzfYDegrl8GBCzdawSLT4ThM9b9F+aDYUrAG2zCOyMbd2Tq34mS1g4ZKBfjRlzOohQMxx28x6wJg==}
    dev: true

  /compatfactory@2.0.9(typescript@5.1.3):
    resolution: {integrity: sha512-fvO+AWcmbO7P1S+A3mwm3IGr74eHMeq5ZLhNhyNQc9mVDNHT4oe0Gg0ksdIFFNXLK7k7Z/TYcLAUSQdRgh1bsA==}
    engines: {node: '>=14.9.0'}
    peerDependencies:
      typescript: '>=3.x || >= 4.x'
    dependencies:
      helpertypes: 0.0.19
      typescript: 5.1.3
    dev: true

  /crosspath@2.0.0:
    resolution: {integrity: sha512-ju88BYCQ2uvjO2bR+SsgLSTwTSctU+6Vp2ePbKPgSCZyy4MWZxYsT738DlKVRE5utUjobjPRm1MkTYKJxCmpTA==}
    engines: {node: '>=14.9.0'}
    dependencies:
      '@types/node': 17.0.45
    dev: true

  /csstype@3.1.2:
    resolution: {integrity: sha512-I7K1Uu0MBPzaFKg4nI5Q7Vs2t+3gWWW648spaF+Rg7pI9ds18Ugn+lvg4SHczUdKlHI5LWBXyqfS8+DufyBsgQ==}
    dev: true

  /electron-to-chromium@1.4.419:
    resolution: {integrity: sha512-jdie3RiEgygvDTyS2sgjq71B36q2cDSBfPlwzUyuOrfYTNoYWyBxxjGJV/HAu3A2hB0Y+HesvCVkVAFoCKwCSw==}
    dev: true

  /escalade@3.1.1:
    resolution: {integrity: sha512-k0er2gUkLf8O0zKJiAhmkTnJlTvINGv7ygDNPbeIsX/TJjGJZHuh9B2UxbsaEkmlEo9MfhrSzmhIlhRlI2GXnw==}
    engines: {node: '>=6'}
    dev: true

  /estree-walker@2.0.2:
    resolution: {integrity: sha512-Rfkk/Mp/DL7JVje3u18FxFujQlTNR2q6QfMSMB7AvCBx91NGj/ba3kCfza0f6dVDbw7YlRf/nDrn7pQrCCyQ/w==}
    dev: true

  /fsevents@2.3.2:
    resolution: {integrity: sha512-xiqMQR4xAeHTuB9uWm+fFRcIOgKBMiOBP+eXiyT7jsgVCq1bkVygt00oASowB7EdtpOHaaPgKt812P9ab+DDKA==}
    engines: {node: ^8.16.0 || ^10.6.0 || >=11.0.0}
    os: [darwin]
    requiresBuild: true
    dev: true
    optional: true

  /helpertypes@0.0.19:
    resolution: {integrity: sha512-J00e55zffgi3yVnUp0UdbMztNkr2PnizEkOe9URNohnrNhW5X0QpegkuLpOmFQInpi93Nb8MCjQRHAiCDF42NQ==}
    engines: {node: '>=10.0.0'}
    dev: true

  /isbot@3.6.10:
    resolution: {integrity: sha512-+I+2998oyP4oW9+OTQD8TS1r9P6wv10yejukj+Ksj3+UR5pUhsZN3f8W7ysq0p1qxpOVNbl5mCuv0bCaF8y5iQ==}
    engines: {node: '>=12'}
    dev: true

  /js-tokens@4.0.0:
    resolution: {integrity: sha512-RdJUflcE3cUzKiMqQgsCu06FPu9UdIJO0beYbPhHN4k6apgJtifcoCtT9bcxOpYBtpD2kCM6Sbzg4CausW/PKQ==}
    dev: true

  /loose-envify@1.4.0:
    resolution: {integrity: sha512-lyuxPGr/Wfhrlem2CL/UcnUc1zcqKAImBDzukY7Y5F/yQiNdko6+fRLevlw1HgMySw7f611UIY408EtxRSoK3Q==}
    hasBin: true
    dependencies:
      js-tokens: 4.0.0
    dev: true

  /lru-cache@6.0.0:
    resolution: {integrity: sha512-Jo6dJ04CmSjuznwJSS3pUeWmd/H0ffTlkXXgwZi+eq1UCmqQwCh+eLsYOYCwY991i2Fah4h1BEMCx4qThGbsiA==}
    engines: {node: '>=10'}
    dependencies:
      yallist: 4.0.0
    dev: true

  /magic-string@0.27.0:
    resolution: {integrity: sha512-8UnnX2PeRAPZuN12svgR9j7M1uWMovg/CEnIwIG0LFkXSJJe4PdfUGiTGl8V9bsBHFUtfVINcSyYxd7q+kx9fA==}
    engines: {node: '>=12'}
    dependencies:
      '@jridgewell/sourcemap-codec': 1.4.15
    dev: true

  /node-releases@2.0.12:
    resolution: {integrity: sha512-QzsYKWhXTWx8h1kIvqfnC++o0pEmpRQA/aenALsL2F4pqNVr7YzcdMlDij5WBnwftRbJCNJL/O7zdKaxKPHqgQ==}
    dev: true

  /object-path@0.11.8:
    resolution: {integrity: sha512-YJjNZrlXJFM42wTBn6zgOJVar9KFJvzx6sTWDte8sWZF//cnjl0BxHNpfZx+ZffXX63A9q0b1zsFiBX4g4X5KA==}
    engines: {node: '>= 10.12.0'}
    dev: true

  /picocolors@1.0.0:
    resolution: {integrity: sha512-1fygroTLlHu66zi26VoTDv8yRgm0Fccecssto+MhsZ0D/DGW2sm8E8AjW7NU5VVTRt5GxbeZ5qBuJr+HyLYkjQ==}
    dev: true

  /picomatch@2.3.1:
    resolution: {integrity: sha512-JU3teHTNjmE2VCGFzuY8EXzCDVwEqB2a8fsIvwaStHhAWJEeVd1o1QD80CU6+ZdEXXSLbSsuLwJjkCBWqRQUVA==}
    engines: {node: '>=8.6'}
    dev: true

  /prettier@2.8.8:
    resolution: {integrity: sha512-tdN8qQGvNjw4CHbY+XXk0JgCXn9QiF21a55rBe5LJAU+kDyC4WQn4+awm2Xfk2lQMk5fKup9XgzTZtGkjBdP9Q==}
    engines: {node: '>=10.13.0'}
    hasBin: true
    dev: true

  /react@18.2.0:
    resolution: {integrity: sha512-/3IjMdb2L9QbBdWiW5e3P2/npwMBaU9mHCSCUzNln0ZCYbcfTsGbTJrU/kGemdH2IWmB2ioZ+zkxtmq6g09fGQ==}
    engines: {node: '>=0.10.0'}
    dependencies:
      loose-envify: 1.4.0
    dev: true

  /rollup-plugin-ts@3.2.0(rollup@3.23.1)(typescript@5.1.3):
    resolution: {integrity: sha512-KkTLVifkUexEiAXS9VtSjDrjKr0TyusmNJpb2ZTAzI9VuPumSu4AktIaVNnwv70iUEitHwZtET7OAM+5n1u1tg==}
    engines: {node: '>=14.9.0', npm: '>=7.0.0', pnpm: '>=3.2.0', yarn: '>=1.13'}
    peerDependencies:
      '@babel/core': '>=6.x || >=7.x'
      '@babel/plugin-transform-runtime': '>=6.x || >=7.x'
      '@babel/preset-env': '>=6.x || >=7.x'
      '@babel/preset-typescript': '>=6.x || >=7.x'
      '@babel/runtime': '>=6.x || >=7.x'
      '@swc/core': '>=1.x'
      '@swc/helpers': '>=0.2'
      rollup: '>=1.x || >=2.x'
      typescript: '>=3.2.x || >= 4.x'
    peerDependenciesMeta:
      '@babel/core':
        optional: true
      '@babel/plugin-transform-runtime':
        optional: true
      '@babel/preset-env':
        optional: true
      '@babel/preset-typescript':
        optional: true
      '@babel/runtime':
        optional: true
      '@swc/core':
        optional: true
      '@swc/helpers':
        optional: true
    dependencies:
      '@rollup/pluginutils': 5.0.2(rollup@3.23.1)
      '@wessberg/stringutil': 1.0.19
      ansi-colors: 4.1.3
      browserslist: 4.21.7
      browserslist-generator: 2.0.3
      compatfactory: 2.0.9(typescript@5.1.3)
      crosspath: 2.0.0
      magic-string: 0.27.0
      rollup: 3.23.1
      ts-clone-node: 2.0.4(typescript@5.1.3)
      tslib: 2.5.3
      typescript: 5.1.3
    dev: true

  /rollup@3.23.1:
    resolution: {integrity: sha512-ybRdFVHOoljGEFILHLd2g/qateqUdjE6YS41WXq4p3C/WwD3xtWxV4FYWETA1u9TeXQc5K8L8zHE5d/scOvrOQ==}
    engines: {node: '>=14.18.0', npm: '>=8.0.0'}
    hasBin: true
    optionalDependencies:
      fsevents: 2.3.2
    dev: true

  /semver@7.5.1:
    resolution: {integrity: sha512-Wvss5ivl8TMRZXXESstBA4uR5iXgEN/VC5/sOcuXdVLzcdkz4HWetIoRfG5gb5X+ij/G9rw9YoGn3QoQ8OCSpw==}
    engines: {node: '>=10'}
    hasBin: true
    dependencies:
      lru-cache: 6.0.0
    dev: true

  /ts-clone-node@2.0.4(typescript@5.1.3):
    resolution: {integrity: sha512-eG6FAgmQsenhIJOIFhUcO6yyYejBKZIKcI3y21jiQmIOrth5pD6GElyPAyeihbPSyBs3u/9PVNXy+5I7jGy8jA==}
    engines: {node: '>=14.9.0'}
    peerDependencies:
      typescript: ^3.x || ^4.x
    dependencies:
      compatfactory: 2.0.9(typescript@5.1.3)
      typescript: 5.1.3
    dev: true

  /tslib@2.5.3:
    resolution: {integrity: sha512-mSxlJJwl3BMEQCUNnxXBU9jP4JBktcEGhURcPR6VQVlnP0FdDEsIaz0C35dXNGLyRfrATNofF0F5p2KPxQgB+w==}
    dev: true

  /typescript@5.1.3:
    resolution: {integrity: sha512-XH627E9vkeqhlZFQuL+UsyAXEnibT0kWR2FWONlr4sTjvxyJYnyefgrkyECLzM5NenmKzRAy2rR/OlYLA1HkZw==}
    engines: {node: '>=14.17'}
    hasBin: true
    dev: true

  /ua-parser-js@1.0.35:
    resolution: {integrity: sha512-fKnGuqmTBnIE+/KXSzCn4db8RTigUzw1AN0DmdU6hJovUTbYJKyqj+8Mt1c4VfRDnOVJnENmfYkIPZ946UrSAA==}
    dev: true

  /update-browserslist-db@1.0.11(browserslist@4.21.7):
    resolution: {integrity: sha512-dCwEFf0/oT85M1fHBg4F0jtLwJrutGoHSQXCh7u4o2t1drG+c0a9Flnqww6XUKSfQMPpJBRjU8d4RXB09qtvaA==}
    hasBin: true
    peerDependencies:
      browserslist: '>= 4.21.0'
    dependencies:
      browserslist: 4.21.7
      escalade: 3.1.1
      picocolors: 1.0.0
    dev: true

  /yallist@4.0.0:
    resolution: {integrity: sha512-3wdGidZyq5PB084XLES5TpOSRA3wjXAlIWMhum2kRcv/41Sn2emQ0dycQW4uZXLejwKvg6EsvbdlVL+FYEct7A==}
    dev: true
